
Microsoft Visual Studio Solution File, Format Version 12.00
# Visual Studio Version 16
VisualStudioVersion = 16.0.30413.136
MinimumVisualStudioVersion = 10.0.40219.1
Project("{888888A0-9F3D-457C-B088-3A5042F75D52}") = "slovarj jevstifejev", "slovarj jevstifejev\slovarj jevstifejev.pyproj", "{D06FAF71-E93C-4DA9-BD6F-ACAA1FF5E6F0}"
EndProject
Global
	GlobalSection(SolutionConfigurationPlatforms) = preSolution
		Debug|Any CPU = Debug|Any CPU
		Release|Any CPU = Release|Any CPU
	EndGlobalSection
	GlobalSection(ProjectConfigurationPlatforms) = postSolution
		{D06FAF71-E93C-4DA9-BD6F-ACAA1FF5E6F0}.Debug|Any CPU.ActiveCfg = Debug|Any CPU
		{D06FAF71-E93C-4DA9-BD6F-ACAA1FF5E6F0}.Release|Any CPU.ActiveCfg = Release|Any CPU
	EndGlobalSection
	GlobalSection(SolutionProperties) = preSolution
		HideSolutionNode = FALSE
	EndGlobalSection
	GlobalSection(ExtensibilityGlobals) = postSolution
		SolutionGuid = {BC934B98-86BE-4E1C-8309-6DEC23C21AF9}
	EndGlobalSection
EndGlobal
